// !$*UTF8*$!
{
	archiveVersion = 1;
	classes = {
	};
	objectVersion = 50;
	objects = {

/* Begin PBXBuildFile section */
		1B6837E7251A9E79005278F7 /* Projet_Sport_BuddyApp.swift in Sources */ = {isa = PBXBuildFile; fileRef = 1B6837E6251A9E79005278F7 /* Projet_Sport_BuddyApp.swift */; };
		1B6837E9251A9E79005278F7 /* ContentView.swift in Sources */ = {isa = PBXBuildFile; fileRef = 1B6837E8251A9E79005278F7 /* ContentView.swift */; };
		1B6837EB251A9E79005278F7 /* Assets.xcassets in Resources */ = {isa = PBXBuildFile; fileRef = 1B6837EA251A9E79005278F7 /* Assets.xcassets */; };
		1B6837EE251A9E7A005278F7 /* Preview Assets.xcassets in Resources */ = {isa = PBXBuildFile; fileRef = 1B6837ED251A9E7A005278F7 /* Preview Assets.xcassets */; };
		1B6837FE251AA13A005278F7 /* MapRechercheView.swift in Sources */ = {isa = PBXBuildFile; fileRef = 1B6837FD251AA13A005278F7 /* MapRechercheView.swift */; };
		1B683803251AA2A8005278F7 /* MessageView.swift in Sources */ = {isa = PBXBuildFile; fileRef = 1B683802251AA2A8005278F7 /* MessageView.swift */; };
		1B68380A251AA32E005278F7 /* ProfileView.swift in Sources */ = {isa = PBXBuildFile; fileRef = 1B683809251AA32E005278F7 /* ProfileView.swift */; };
		1B68380F251AA364005278F7 /* MesEvenementsView.swift in Sources */ = {isa = PBXBuildFile; fileRef = 1B68380E251AA364005278F7 /* MesEvenementsView.swift */; };
		1B683814251AA4BB005278F7 /* CreationEvenements.swift in Sources */ = {isa = PBXBuildFile; fileRef = 1B683813251AA4BB005278F7 /* CreationEvenements.swift */; };
		1B683819251AA4E8005278F7 /* FicheInfoEvenements.swift in Sources */ = {isa = PBXBuildFile; fileRef = 1B683818251AA4E8005278F7 /* FicheInfoEvenements.swift */; };
		1B68381E251AA50D005278F7 /* FiltreRecherche.swift in Sources */ = {isa = PBXBuildFile; fileRef = 1B68381D251AA50D005278F7 /* FiltreRecherche.swift */; };
		1B683823251AA599005278F7 /* GererEvenements.swift in Sources */ = {isa = PBXBuildFile; fileRef = 1B683822251AA599005278F7 /* GererEvenements.swift */; };
		494F5A0C251F590700ECBC31 /* RevueView.swift in Sources */ = {isa = PBXBuildFile; fileRef = 494F5A0B251F590700ECBC31 /* RevueView.swift */; };
		49F60A302523446D00A62D5D /* NiveauSportPrefere.swift in Sources */ = {isa = PBXBuildFile; fileRef = 49F60A2F2523446D00A62D5D /* NiveauSportPrefere.swift */; };
/* End PBXBuildFile section */

/* Begin PBXFileReference section */
		1B6837E3251A9E79005278F7 /* Projet_Sport Buddy.app */ = {isa = PBXFileReference; explicitFileType = wrapper.application; includeInIndex = 0; path = "Projet_Sport Buddy.app"; sourceTree = BUILT_PRODUCTS_DIR; };
		1B6837E6251A9E79005278F7 /* Projet_Sport_BuddyApp.swift */ = {isa = PBXFileReference; lastKnownFileType = sourcecode.swift; path = Projet_Sport_BuddyApp.swift; sourceTree = "<group>"; };
		1B6837E8251A9E79005278F7 /* ContentView.swift */ = {isa = PBXFileReference; lastKnownFileType = sourcecode.swift; path = ContentView.swift; sourceTree = "<group>"; };
		1B6837EA251A9E79005278F7 /* Assets.xcassets */ = {isa = PBXFileReference; lastKnownFileType = folder.assetcatalog; path = Assets.xcassets; sourceTree = "<group>"; };
		1B6837ED251A9E7A005278F7 /* Preview Assets.xcassets */ = {isa = PBXFileReference; lastKnownFileType = folder.assetcatalog; path = "Preview Assets.xcassets"; sourceTree = "<group>"; };
		1B6837EF251A9E7A005278F7 /* Info.plist */ = {isa = PBXFileReference; lastKnownFileType = text.plist.xml; path = Info.plist; sourceTree = "<group>"; };
		1B6837FD251AA13A005278F7 /* MapRechercheView.swift */ = {isa = PBXFileReference; lastKnownFileType = sourcecode.swift; path = MapRechercheView.swift; sourceTree = "<group>"; };
		1B683802251AA2A8005278F7 /* MessageView.swift */ = {isa = PBXFileReference; lastKnownFileType = sourcecode.swift; path = MessageView.swift; sourceTree = "<group>"; };
		1B683809251AA32E005278F7 /* ProfileView.swift */ = {isa = PBXFileReference; lastKnownFileType = sourcecode.swift; path = ProfileView.swift; sourceTree = "<group>"; };
		1B68380E251AA364005278F7 /* MesEvenementsView.swift */ = {isa = PBXFileReference; lastKnownFileType = sourcecode.swift; path = MesEvenementsView.swift; sourceTree = "<group>"; };
		1B683813251AA4BB005278F7 /* CreationEvenements.swift */ = {isa = PBXFileReference; lastKnownFileType = sourcecode.swift; path = CreationEvenements.swift; sourceTree = "<group>"; };
		1B683818251AA4E8005278F7 /* FicheInfoEvenements.swift */ = {isa = PBXFileReference; lastKnownFileType = sourcecode.swift; path = FicheInfoEvenements.swift; sourceTree = "<group>"; };
		1B68381D251AA50D005278F7 /* FiltreRecherche.swift */ = {isa = PBXFileReference; lastKnownFileType = sourcecode.swift; path = FiltreRecherche.swift; sourceTree = "<group>"; };
		1B683822251AA599005278F7 /* GererEvenements.swift */ = {isa = PBXFileReference; lastKnownFileType = sourcecode.swift; path = GererEvenements.swift; sourceTree = "<group>"; };
		494F5A0B251F590700ECBC31 /* RevueView.swift */ = {isa = PBXFileReference; lastKnownFileType = sourcecode.swift; path = RevueView.swift; sourceTree = "<group>"; };
		49F60A2F2523446D00A62D5D /* NiveauSportPrefere.swift */ = {isa = PBXFileReference; lastKnownFileType = sourcecode.swift; path = NiveauSportPrefere.swift; sourceTree = "<group>"; };
/* End PBXFileReference section */

/* Begin PBXFrameworksBuildPhase section */
		1B6837E0251A9E79005278F7 /* Frameworks */ = {
			isa = PBXFrameworksBuildPhase;
			buildActionMask = 2147483647;
			files = (
			);
			runOnlyForDeploymentPostprocessing = 0;
		};
/* End PBXFrameworksBuildPhase section */

/* Begin PBXGroup section */
		1B6837DA251A9E79005278F7 = {
			isa = PBXGroup;
			children = (
				1B6837E5251A9E79005278F7 /* Projet_Sport Buddy */,
				1B6837E4251A9E79005278F7 /* Products */,
			);
			sourceTree = "<group>";
		};
		1B6837E4251A9E79005278F7 /* Products */ = {
			isa = PBXGroup;
			children = (
				1B6837E3251A9E79005278F7 /* Projet_Sport Buddy.app */,
			);
			name = Products;
			sourceTree = "<group>";
		};
		1B6837E5251A9E79005278F7 /* Projet_Sport Buddy */ = {
			isa = PBXGroup;
			children = (
				494F5A0A251F58E800ECBC31 /* Revue */,
				1B683821251AA55C005278F7 /* GererEvenements */,
				1B68381C251AA4F6005278F7 /* FiltreRecherche */,
				1B683817251AA4CB005278F7 /* FicheInfoEvenements */,
				1B683812251AA468005278F7 /* CreationEvenements */,
				1B68380D251AA33D005278F7 /* MesEvenementsView */,
				1B683808251AA30A005278F7 /* ProfileView */,
				1B683801251AA28D005278F7 /* MessageView */,
				1B6837FC251AA11B005278F7 /* MapRechercheView */,
				1B6837E6251A9E79005278F7 /* Projet_Sport_BuddyApp.swift */,
				1B6837E8251A9E79005278F7 /* ContentView.swift */,
				1B6837EA251A9E79005278F7 /* Assets.xcassets */,
				1B6837EF251A9E7A005278F7 /* Info.plist */,
				1B6837EC251A9E7A005278F7 /* Preview Content */,
			);
			path = "Projet_Sport Buddy";
			sourceTree = "<group>";
		};
		1B6837EC251A9E7A005278F7 /* Preview Content */ = {
			isa = PBXGroup;
			children = (
				1B6837ED251A9E7A005278F7 /* Preview Assets.xcassets */,
			);
			path = "Preview Content";
			sourceTree = "<group>";
		};
		1B6837FC251AA11B005278F7 /* MapRechercheView */ = {
			isa = PBXGroup;
			children = (
				1B6837FD251AA13A005278F7 /* MapRechercheView.swift */,
			);
			path = MapRechercheView;
			sourceTree = "<group>";
		};
		1B683801251AA28D005278F7 /* MessageView */ = {
			isa = PBXGroup;
			children = (
				1B683802251AA2A8005278F7 /* MessageView.swift */,
			);
			path = MessageView;
			sourceTree = "<group>";
		};
		1B683808251AA30A005278F7 /* ProfileView */ = {
			isa = PBXGroup;
			children = (
				1B683809251AA32E005278F7 /* ProfileView.swift */,
				49F60A2F2523446D00A62D5D /* NiveauSportPrefere.swift */,
			);
			path = ProfileView;
			sourceTree = "<group>";
		};
		1B68380D251AA33D005278F7 /* MesEvenementsView */ = {
			isa = PBXGroup;
			children = (
				1B68380E251AA364005278F7 /* MesEvenementsView.swift */,
			);
			path = MesEvenementsView;
			sourceTree = "<group>";
		};
		1B683812251AA468005278F7 /* CreationEvenements */ = {
			isa = PBXGroup;
			children = (
				1B683813251AA4BB005278F7 /* CreationEvenements.swift */,
			);
			path = CreationEvenements;
			sourceTree = "<group>";
		};
		1B683817251AA4CB005278F7 /* FicheInfoEvenements */ = {
			isa = PBXGroup;
			children = (
				1B683818251AA4E8005278F7 /* FicheInfoEvenements.swift */,
			);
			path = FicheInfoEvenements;
			sourceTree = "<group>";
		};
		1B68381C251AA4F6005278F7 /* FiltreRecherche */ = {
			isa = PBXGroup;
			children = (
				1B68381D251AA50D005278F7 /* FiltreRecherche.swift */,
			);
			path = FiltreRecherche;
			sourceTree = "<group>";
		};
		1B683821251AA55C005278F7 /* GererEvenements */ = {
			isa = PBXGroup;
			children = (
				1B683822251AA599005278F7 /* GererEvenements.swift */,
			);
			path = GererEvenements;
			sourceTree = "<group>";
		};
		494F5A0A251F58E800ECBC31 /* Revue */ = {
			isa = PBXGroup;
			children = (
				494F5A0B251F590700ECBC31 /* RevueView.swift */,
			);
			path = Revue;
			sourceTree = "<group>";
		};
/* End PBXGroup section */

/* Begin PBXNativeTarget section */
		1B6837E2251A9E79005278F7 /* Projet_Sport Buddy */ = {
			isa = PBXNativeTarget;
			buildConfigurationList = 1B6837F2251A9E7A005278F7 /* Build configuration list for PBXNativeTarget "Projet_Sport Buddy" */;
			buildPhases = (
				1B6837DF251A9E79005278F7 /* Sources */,
				1B6837E0251A9E79005278F7 /* Frameworks */,
				1B6837E1251A9E79005278F7 /* Resources */,
			);
			buildRules = (
			);
			dependencies = (
			);
			name = "Projet_Sport Buddy";
			productName = "Projet_Sport Buddy";
			productReference = 1B6837E3251A9E79005278F7 /* Projet_Sport Buddy.app */;
			productType = "com.apple.product-type.application";
		};
/* End PBXNativeTarget section */

/* Begin PBXProject section */
		1B6837DB251A9E79005278F7 /* Project object */ = {
			isa = PBXProject;
			attributes = {
				LastSwiftUpdateCheck = 1200;
				LastUpgradeCheck = 1200;
				TargetAttributes = {
					1B6837E2251A9E79005278F7 = {
						CreatedOnToolsVersion = 12.0;
					};
				};
			};
			buildConfigurationList = 1B6837DE251A9E79005278F7 /* Build configuration list for PBXProject "Projet_Sport Buddy" */;
			compatibilityVersion = "Xcode 9.3";
			developmentRegion = en;
			hasScannedForEncodings = 0;
			knownRegions = (
				en,
				Base,
			);
			mainGroup = 1B6837DA251A9E79005278F7;
			productRefGroup = 1B6837E4251A9E79005278F7 /* Products */;
			projectDirPath = "";
			projectRoot = "";
			targets = (
				1B6837E2251A9E79005278F7 /* Projet_Sport Buddy */,
			);
		};
/* End PBXProject section */

/* Begin PBXResourcesBuildPhase section */
		1B6837E1251A9E79005278F7 /* Resources */ = {
			isa = PBXResourcesBuildPhase;
			buildActionMask = 2147483647;
			files = (
				1B6837EE251A9E7A005278F7 /* Preview Assets.xcassets in Resources */,
				1B6837EB251A9E79005278F7 /* Assets.xcassets in Resources */,
			);
			runOnlyForDeploymentPostprocessing = 0;
		};
/* End PBXResourcesBuildPhase section */

/* Begin PBXSourcesBuildPhase section */
		1B6837DF251A9E79005278F7 /* Sources */ = {
			isa = PBXSourcesBuildPhase;
			buildActionMask = 2147483647;
			files = (
				1B6837E9251A9E79005278F7 /* ContentView.swift in Sources */,
				1B683819251AA4E8005278F7 /* FicheInfoEvenements.swift in Sources */,
				494F5A0C251F590700ECBC31 /* RevueView.swift in Sources */,
				1B683803251AA2A8005278F7 /* MessageView.swift in Sources */,
				49F60A302523446D00A62D5D /* NiveauSportPrefere.swift in Sources */,
				1B68380F251AA364005278F7 /* MesEvenementsView.swift in Sources */,
				1B68381E251AA50D005278F7 /* FiltreRecherche.swift in Sources */,
				1B683823251AA599005278F7 /* GererEvenements.swift in Sources */,
				1B683814251AA4BB005278F7 /* CreationEvenements.swift in Sources */,
				1B68380A251AA32E005278F7 /* ProfileView.swift in Sources */,
				1B6837FE251AA13A005278F7 /* MapRechercheView.swift in Sources */,
				1B6837E7251A9E79005278F7 /* Projet_Sport_BuddyApp.swift in Sources */,
			);
			runOnlyForDeploymentPostprocessing = 0;
		};
/* End PBXSourcesBuildPhase section */

/* Begin XCBuildConfiguration section */
		1B6837F0251A9E7A005278F7 /* Debug */ = {
			isa = XCBuildConfiguration;
			buildSettings = {
				ALWAYS_SEARCH_USER_PATHS = NO;
				CLANG_ANALYZER_NONNULL = YES;
				CLANG_ANALYZER_NUMBER_OBJECT_CONVERSION = YES_AGGRESSIVE;
				CLANG_CXX_LANGUAGE_STANDARD = "gnu++14";
				CLANG_CXX_LIBRARY = "libc++";
				CLANG_ENABLE_MODULES = YES;
				CLANG_ENABLE_OBJC_ARC = YES;
				CLANG_ENABLE_OBJC_WEAK = YES;
				CLANG_WARN_BLOCK_CAPTURE_AUTORELEASING = YES;
				CLANG_WARN_BOOL_CONVERSION = YES;
				CLANG_WARN_COMMA = YES;
				CLANG_WARN_CONSTANT_CONVERSION = YES;
				CLANG_WARN_DEPRECATED_OBJC_IMPLEMENTATIONS = YES;
				CLANG_WARN_DIRECT_OBJC_ISA_USAGE = YES_ERROR;
				CLANG_WARN_DOCUMENTATION_COMMENTS = YES;
				CLANG_WARN_EMPTY_BODY = YES;
				CLANG_WARN_ENUM_CONVERSION = YES;
				CLANG_WARN_INFINITE_RECURSION = YES;
				CLANG_WARN_INT_CONVERSION = YES;
				CLANG_WARN_NON_LITERAL_NULL_CONVERSION = YES;
				CLANG_WARN_OBJC_IMPLICIT_RETAIN_SELF = YES;
				CLANG_WARN_OBJC_LITERAL_CONVERSION = YES;
				CLANG_WARN_OBJC_ROOT_CLASS = YES_ERROR;
				CLANG_WARN_QUOTED_INCLUDE_IN_FRAMEWORK_HEADER = YES;
				CLANG_WARN_RANGE_LOOP_ANALYSIS = YES;
				CLANG_WARN_STRICT_PROTOTYPES = YES;
				CLANG_WARN_SUSPICIOUS_MOVE = YES;
				CLANG_WARN_UNGUARDED_AVAILABILITY = YES_AGGRESSIVE;
				CLANG_WARN_UNREACHABLE_CODE = YES;
				CLANG_WARN__DUPLICATE_METHOD_MATCH = YES;
				COPY_PHASE_STRIP = NO;
				DEBUG_INFORMATION_FORMAT = dwarf;
				ENABLE_STRICT_OBJC_MSGSEND = YES;
				ENABLE_TESTABILITY = YES;
				GCC_C_LANGUAGE_STANDARD = gnu11;
				GCC_DYNAMIC_NO_PIC = NO;
				GCC_NO_COMMON_BLOCKS = YES;
				GCC_OPTIMIZATION_LEVEL = 0;
				GCC_PREPROCESSOR_DEFINITIONS = (
					"DEBUG=1",
					"$(inherited)",
				);
				GCC_WARN_64_TO_32_BIT_CONVERSION = YES;
				GCC_WARN_ABOUT_RETURN_TYPE = YES_ERROR;
				GCC_WARN_UNDECLARED_SELECTOR = YES;
				GCC_WARN_UNINITIALIZED_AUTOS = YES_AGGRESSIVE;
				GCC_WARN_UNUSED_FUNCTION = YES;
				GCC_WARN_UNUSED_VARIABLE = YES;
				IPHONEOS_DEPLOYMENT_TARGET = 14.0;
				MTL_ENABLE_DEBUG_INFO = INCLUDE_SOURCE;
				MTL_FAST_MATH = YES;
				ONLY_ACTIVE_ARCH = YES;
				SDKROOT = iphoneos;
				SWIFT_ACTIVE_COMPILATION_CONDITIONS = DEBUG;
				SWIFT_OPTIMIZATION_LEVEL = "-Onone";
			};
			name = Debug;
		};
		1B6837F1251A9E7A005278F7 /* Release */ = {
			isa = XCBuildConfiguration;
			buildSettings = {
				ALWAYS_SEARCH_USER_PATHS = NO;
				CLANG_ANALYZER_NONNULL = YES;
				CLANG_ANALYZER_NUMBER_OBJECT_CONVERSION = YES_AGGRESSIVE;
				CLANG_CXX_LANGUAGE_STANDARD = "gnu++14";
				CLANG_CXX_LIBRARY = "libc++";
				CLANG_ENABLE_MODULES = YES;
				CLANG_ENABLE_OBJC_ARC = YES;
				CLANG_ENABLE_OBJC_WEAK = YES;
				CLANG_WARN_BLOCK_CAPTURE_AUTORELEASING = YES;
				CLANG_WARN_BOOL_CONVERSION = YES;
				CLANG_WARN_COMMA = YES;
				CLANG_WARN_CONSTANT_CONVERSION = YES;
				CLANG_WARN_DEPRECATED_OBJC_IMPLEMENTATIONS = YES;
				CLANG_WARN_DIRECT_OBJC_ISA_USAGE = YES_ERROR;
				CLANG_WARN_DOCUMENTATION_COMMENTS = YES;
				CLANG_WARN_EMPTY_BODY = YES;
				CLANG_WARN_ENUM_CONVERSION = YES;
				CLANG_WARN_INFINITE_RECURSION = YES;
				CLANG_WARN_INT_CONVERSION = YES;
				CLANG_WARN_NON_LITERAL_NULL_CONVERSION = YES;
				CLANG_WARN_OBJC_IMPLICIT_RETAIN_SELF = YES;
				CLANG_WARN_OBJC_LITERAL_CONVERSION = YES;
				CLANG_WARN_OBJC_ROOT_CLASS = YES_ERROR;
				CLANG_WARN_QUOTED_INCLUDE_IN_FRAMEWORK_HEADER = YES;
				CLANG_WARN_RANGE_LOOP_ANALYSIS = YES;
				CLANG_WARN_STRICT_PROTOTYPES = YES;
				CLANG_WARN_SUSPICIOUS_MOVE = YES;
				CLANG_WARN_UNGUARDED_AVAILABILITY = YES_AGGRESSIVE;
				CLANG_WARN_UNREACHABLE_CODE = YES;
				CLANG_WARN__DUPLICATE_METHOD_MATCH = YES;
				COPY_PHASE_STRIP = NO;
				DEBUG_INFORMATION_FORMAT = "dwarf-with-dsym";
				ENABLE_NS_ASSERTIONS = NO;
				ENABLE_STRICT_OBJC_MSGSEND = YES;
				GCC_C_LANGUAGE_STANDARD = gnu11;
				GCC_NO_COMMON_BLOCKS = YES;
				GCC_WARN_64_TO_32_BIT_CONVERSION = YES;
				GCC_WARN_ABOUT_RETURN_TYPE = YES_ERROR;
				GCC_WARN_UNDECLARED_SELECTOR = YES;
				GCC_WARN_UNINITIALIZED_AUTOS = YES_AGGRESSIVE;
				GCC_WARN_UNUSED_FUNCTION = YES;
				GCC_WARN_UNUSED_VARIABLE = YES;
				IPHONEOS_DEPLOYMENT_TARGET = 14.0;
				MTL_ENABLE_DEBUG_INFO = NO;
				MTL_FAST_MATH = YES;
				SDKROOT = iphoneos;
				SWIFT_COMPILATION_MODE = wholemodule;
				SWIFT_OPTIMIZATION_LEVEL = "-O";
				VALIDATE_PRODUCT = YES;
			};
			name = Release;
		};
		1B6837F3251A9E7A005278F7 /* Debug */ = {
			isa = XCBuildConfiguration;
			buildSettings = {
				ASSETCATALOG_COMPILER_APPICON_NAME = AppIcon;
				ASSETCATALOG_COMPILER_GLOBAL_ACCENT_COLOR_NAME = AccentColor;
				CODE_SIGN_STYLE = Automatic;
				DEVELOPMENT_ASSET_PATHS = "\"Projet_Sport Buddy/Preview Content\"";
				DEVELOPMENT_TEAM = 287YM6FGQJ;
				ENABLE_PREVIEWS = YES;
				INFOPLIST_FILE = "Projet_Sport Buddy/Info.plist";
				IPHONEOS_DEPLOYMENT_TARGET = 14.0;
				LD_RUNPATH_SEARCH_PATHS = (
					"$(inherited)",
					"@executable_path/Frameworks",
				);
				PRODUCT_BUNDLE_IDENTIFIER = "Sport-Buddyb";
				PRODUCT_NAME = "$(TARGET_NAME)";
				SWIFT_VERSION = 5.0;
				TARGETED_DEVICE_FAMILY = "1,2";
			};
			name = Debug;
		};
		1B6837F4251A9E7A005278F7 /* Release */ = {
			isa = XCBuildConfiguration;
			buildSettings = {
				ASSETCATALOG_COMPILER_APPICON_NAME = AppIcon;
				ASSETCATALOG_COMPILER_GLOBAL_ACCENT_COLOR_NAME = AccentColor;
				CODE_SIGN_STYLE = Automatic;
				DEVELOPMENT_ASSET_PATHS = "\"Projet_Sport Buddy/Preview Content\"";
				DEVELOPMENT_TEAM = 287YM6FGQJ;
				ENABLE_PREVIEWS = YES;
				INFOPLIST_FILE = "Projet_Sport Buddy/Info.plist";
				IPHONEOS_DEPLOYMENT_TARGET = 14.0;
				LD_RUNPATH_SEARCH_PATHS = (
					"$(inherited)",
					"@executable_path/Frameworks",
				);
				PRODUCT_BUNDLE_IDENTIFIER = "Sport-Buddyb";
				PRODUCT_NAME = "$(TARGET_NAME)";
				SWIFT_VERSION = 5.0;
				TARGETED_DEVICE_FAMILY = "1,2";
			};
			name = Release;
		};
/* End XCBuildConfiguration section */

/* Begin XCConfigurationList section */
		1B6837DE251A9E79005278F7 /* Build configuration list for PBXProject "Projet_Sport Buddy" */ = {
			isa = XCConfigurationList;
			buildConfigurations = (
				1B6837F0251A9E7A005278F7 /* Debug */,
				1B6837F1251A9E7A005278F7 /* Release */,
			);
			defaultConfigurationIsVisible = 0;
			defaultConfigurationName = Release;
		};
		1B6837F2251A9E7A005278F7 /* Build configuration list for PBXNativeTarget "Projet_Sport Buddy" */ = {
			isa = XCConfigurationList;
			buildConfigurations = (
				1B6837F3251A9E7A005278F7 /* Debug */,
				1B6837F4251A9E7A005278F7 /* Release */,
			);
			defaultConfigurationIsVisible = 0;
			defaultConfigurationName = Release;
		};
/* End XCConfigurationList section */
	};
	rootObject = 1B6837DB251A9E79005278F7 /* Project object */;
}
